
Microsoft Visual Studio Solution File, Format Version 12.00
# Visual Studio Version 17
VisualStudioVersion = 17.1.32210.238
MinimumVisualStudioVersion = 10.0.40219.1
Project("{FAE04EC0-301F-11D3-BF4B-00C04F79EFBC}") = "EmployeePayroll", "EmployeePayroll.csproj", "{CAC4A878-0CD8-412D-BB4F-79026519B954}"
EndProject
Project("{FAE04EC0-301F-11D3-BF4B-00C04F79EFBC}") = "EmployeePayrollTest", "..\EmployeePayrollTest\EmployeePayrollTest.csproj", "{765953B1-CDDE-4EF6-AB1E-06904291583B}"
EndProject
Global
	GlobalSection(SolutionConfigurationPlatforms) = preSolution
		Debug|Any CPU = Debug|Any CPU
		Release|Any CPU = Release|Any CPU
	EndGlobalSection
	GlobalSection(ProjectConfigurationPlatforms) = postSolution
		{CAC4A878-0CD8-412D-BB4F-79026519B954}.Debug|Any CPU.ActiveCfg = Debug|Any CPU
		{CAC4A878-0CD8-412D-BB4F-79026519B954}.Debug|Any CPU.Build.0 = Debug|Any CPU
		{CAC4A878-0CD8-412D-BB4F-79026519B954}.Release|Any CPU.ActiveCfg = Release|Any CPU
		{CAC4A878-0CD8-412D-BB4F-79026519B954}.Release|Any CPU.Build.0 = Release|Any CPU
		{765953B1-CDDE-4EF6-AB1E-06904291583B}.Debug|Any CPU.ActiveCfg = Debug|Any CPU
		{765953B1-CDDE-4EF6-AB1E-06904291583B}.Debug|Any CPU.Build.0 = Debug|Any CPU
		{765953B1-CDDE-4EF6-AB1E-06904291583B}.Release|Any CPU.ActiveCfg = Release|Any CPU
		{765953B1-CDDE-4EF6-AB1E-06904291583B}.Release|Any CPU.Build.0 = Release|Any CPU
	EndGlobalSection
	GlobalSection(SolutionProperties) = preSolution
		HideSolutionNode = FALSE
	EndGlobalSection
	GlobalSection(ExtensibilityGlobals) = postSolution
		SolutionGuid = {BB77260D-F34C-4870-B8FF-EE32E3AF3405}
	EndGlobalSection
EndGlobal
